
Microsoft Visual Studio Solution File, Format Version 12.00
# Visual Studio Version 16
Project("{8BC9CEB8-8B4A-11D0-8D11-00A0C91BC942}") = "ALL_BUILD", "ALL_BUILD.vcxproj", "{C6CE9B65-2547-3773-9FD3-BE1F2F12A090}"
	ProjectSection(ProjectDependencies) = postProject
		{4AEE2081-9091-37A1-8252-8F1685E316BC} = {4AEE2081-9091-37A1-8252-8F1685E316BC}
		{5595771E-E761-3D95-9B9F-AF9DEE35ED0D} = {5595771E-E761-3D95-9B9F-AF9DEE35ED0D}
		{B74AB1D5-526B-3C36-98AE-013B750825B7} = {B74AB1D5-526B-3C36-98AE-013B750825B7}
	EndProjectSection
EndProject
Project("{8BC9CEB8-8B4A-11D0-8D11-00A0C91BC942}") = "TestCasesC", "local\TestCasesC.vcxproj", "{4AEE2081-9091-37A1-8252-8F1685E316BC}"
	ProjectSection(ProjectDependencies) = postProject
		{B74AB1D5-526B-3C36-98AE-013B750825B7} = {B74AB1D5-526B-3C36-98AE-013B750825B7}
	EndProjectSection
EndProject
Project("{8BC9CEB8-8B4A-11D0-8D11-00A0C91BC942}") = "TestCasesCPP", "local\TestCasesCPP.vcxproj", "{5595771E-E761-3D95-9B9F-AF9DEE35ED0D}"
	ProjectSection(ProjectDependencies) = postProject
		{B74AB1D5-526B-3C36-98AE-013B750825B7} = {B74AB1D5-526B-3C36-98AE-013B750825B7}
	EndProjectSection
EndProject
Project("{8BC9CEB8-8B4A-11D0-8D11-00A0C91BC942}") = "ZERO_CHECK", "ZERO_CHECK.vcxproj", "{B74AB1D5-526B-3C36-98AE-013B750825B7}"
	ProjectSection(ProjectDependencies) = postProject
	EndProjectSection
EndProject
Global
	GlobalSection(SolutionConfigurationPlatforms) = preSolution
		Debug|x64 = Debug|x64
		Release|x64 = Release|x64
		MinSizeRel|x64 = MinSizeRel|x64
		RelWithDebInfo|x64 = RelWithDebInfo|x64
	EndGlobalSection
	GlobalSection(ProjectConfigurationPlatforms) = postSolution
		{C6CE9B65-2547-3773-9FD3-BE1F2F12A090}.Debug|x64.ActiveCfg = Debug|x64
		{C6CE9B65-2547-3773-9FD3-BE1F2F12A090}.Release|x64.ActiveCfg = Release|x64
		{C6CE9B65-2547-3773-9FD3-BE1F2F12A090}.MinSizeRel|x64.ActiveCfg = MinSizeRel|x64
		{C6CE9B65-2547-3773-9FD3-BE1F2F12A090}.RelWithDebInfo|x64.ActiveCfg = RelWithDebInfo|x64
		{4AEE2081-9091-37A1-8252-8F1685E316BC}.Debug|x64.ActiveCfg = Debug|x64
		{4AEE2081-9091-37A1-8252-8F1685E316BC}.Debug|x64.Build.0 = Debug|x64
		{4AEE2081-9091-37A1-8252-8F1685E316BC}.Release|x64.ActiveCfg = Release|x64
		{4AEE2081-9091-37A1-8252-8F1685E316BC}.Release|x64.Build.0 = Release|x64
		{4AEE2081-9091-37A1-8252-8F1685E316BC}.MinSizeRel|x64.ActiveCfg = MinSizeRel|x64
		{4AEE2081-9091-37A1-8252-8F1685E316BC}.MinSizeRel|x64.Build.0 = MinSizeRel|x64
		{4AEE2081-9091-37A1-8252-8F1685E316BC}.RelWithDebInfo|x64.ActiveCfg = RelWithDebInfo|x64
		{4AEE2081-9091-37A1-8252-8F1685E316BC}.RelWithDebInfo|x64.Build.0 = RelWithDebInfo|x64
		{5595771E-E761-3D95-9B9F-AF9DEE35ED0D}.Debug|x64.ActiveCfg = Debug|x64
		{5595771E-E761-3D95-9B9F-AF9DEE35ED0D}.Debug|x64.Build.0 = Debug|x64
		{5595771E-E761-3D95-9B9F-AF9DEE35ED0D}.Release|x64.ActiveCfg = Release|x64
		{5595771E-E761-3D95-9B9F-AF9DEE35ED0D}.Release|x64.Build.0 = Release|x64
		{5595771E-E761-3D95-9B9F-AF9DEE35ED0D}.MinSizeRel|x64.ActiveCfg = MinSizeRel|x64
		{5595771E-E761-3D95-9B9F-AF9DEE35ED0D}.MinSizeRel|x64.Build.0 = MinSizeRel|x64
		{5595771E-E761-3D95-9B9F-AF9DEE35ED0D}.RelWithDebInfo|x64.ActiveCfg = RelWithDebInfo|x64
		{5595771E-E761-3D95-9B9F-AF9DEE35ED0D}.RelWithDebInfo|x64.Build.0 = RelWithDebInfo|x64
		{B74AB1D5-526B-3C36-98AE-013B750825B7}.Debug|x64.ActiveCfg = Debug|x64
		{B74AB1D5-526B-3C36-98AE-013B750825B7}.Debug|x64.Build.0 = Debug|x64
		{B74AB1D5-526B-3C36-98AE-013B750825B7}.Release|x64.ActiveCfg = Release|x64
		{B74AB1D5-526B-3C36-98AE-013B750825B7}.Release|x64.Build.0 = Release|x64
		{B74AB1D5-526B-3C36-98AE-013B750825B7}.MinSizeRel|x64.ActiveCfg = MinSizeRel|x64
		{B74AB1D5-526B-3C36-98AE-013B750825B7}.MinSizeRel|x64.Build.0 = MinSizeRel|x64
		{B74AB1D5-526B-3C36-98AE-013B750825B7}.RelWithDebInfo|x64.ActiveCfg = RelWithDebInfo|x64
		{B74AB1D5-526B-3C36-98AE-013B750825B7}.RelWithDebInfo|x64.Build.0 = RelWithDebInfo|x64
	EndGlobalSection
	GlobalSection(ExtensibilityGlobals) = postSolution
		SolutionGuid = {C86B4076-4605-3034-8F9D-231CC843B5A2}
	EndGlobalSection
	GlobalSection(ExtensibilityAddIns) = postSolution
	EndGlobalSection
EndGlobal
